
Microsoft Visual Studio Solution File, Format Version 12.00
# Visual Studio Version 16
VisualStudioVersion = 16.0.31424.327
MinimumVisualStudioVersion = 10.0.40219.1
Project("{FAE04EC0-301F-11D3-BF4B-00C04F79EFBC}") = "Words", "Words\Words.csproj", "{CBD7FA49-B001-411D-B173-E77476042668}"
EndProject
Global
	GlobalSection(SolutionConfigurationPlatforms) = preSolution
		Debug|Any CPU = Debug|Any CPU
		Release|Any CPU = Release|Any CPU
	EndGlobalSection
	GlobalSection(ProjectConfigurationPlatforms) = postSolution
		{CBD7FA49-B001-411D-B173-E77476042668}.Debug|Any CPU.ActiveCfg = Debug|Any CPU
		{CBD7FA49-B001-411D-B173-E77476042668}.Debug|Any CPU.Build.0 = Debug|Any CPU
		{CBD7FA49-B001-411D-B173-E77476042668}.Release|Any CPU.ActiveCfg = Release|Any CPU
		{CBD7FA49-B001-411D-B173-E77476042668}.Release|Any CPU.Build.0 = Release|Any CPU
	EndGlobalSection
	GlobalSection(SolutionProperties) = preSolution
		HideSolutionNode = FALSE
	EndGlobalSection
	GlobalSection(ExtensibilityGlobals) = postSolution
		SolutionGuid = {708B8B5E-4EAF-4F5A-8732-271780D52B89}
	EndGlobalSection
EndGlobal
